
Microsoft Visual Studio Solution File, Format Version 12.00
# Visual Studio Version 16
VisualStudioVersion = 16.0.29418.71
MinimumVisualStudioVersion = 10.0.40219.1
Project("{FAE04EC0-301F-11D3-BF4B-00C04F79EFBC}") = "ToDoApi", "ToDoApi\ToDoApi.csproj", "{15F0876A-D9DF-4699-B4EB-4B6FB058FDAC}"
EndProject
Global
	GlobalSection(SolutionConfigurationPlatforms) = preSolution
		Debug|Any CPU = Debug|Any CPU
		Release|Any CPU = Release|Any CPU
	EndGlobalSection
	GlobalSection(ProjectConfigurationPlatforms) = postSolution
		{15F0876A-D9DF-4699-B4EB-4B6FB058FDAC}.Debug|Any CPU.ActiveCfg = Debug|Any CPU
		{15F0876A-D9DF-4699-B4EB-4B6FB058FDAC}.Debug|Any CPU.Build.0 = Debug|Any CPU
		{15F0876A-D9DF-4699-B4EB-4B6FB058FDAC}.Release|Any CPU.ActiveCfg = Release|Any CPU
		{15F0876A-D9DF-4699-B4EB-4B6FB058FDAC}.Release|Any CPU.Build.0 = Release|Any CPU
	EndGlobalSection
	GlobalSection(SolutionProperties) = preSolution
		HideSolutionNode = FALSE
	EndGlobalSection
	GlobalSection(ExtensibilityGlobals) = postSolution
		SolutionGuid = {45C62C83-5029-40C2-9E7A-C55F08125690}
	EndGlobalSection
EndGlobal
